
Microsoft Visual Studio Solution File, Format Version 12.00
# Visual Studio 15
VisualStudioVersion = 15.0.27130.2020
MinimumVisualStudioVersion = 10.0.40219.1
Project("{FAE04EC0-301F-11D3-BF4B-00C04F79EFBC}") = "Curbada", "Curbada\Curbada.csproj", "{33A16585-EC03-4C35-B46E-87B95D2CE35F}"
EndProject
Global
	GlobalSection(SolutionConfigurationPlatforms) = preSolution
		Debug|Any CPU = Debug|Any CPU
		Release|Any CPU = Release|Any CPU
	EndGlobalSection
	GlobalSection(ProjectConfigurationPlatforms) = postSolution
		{33A16585-EC03-4C35-B46E-87B95D2CE35F}.Debug|Any CPU.ActiveCfg = Debug|Any CPU
		{33A16585-EC03-4C35-B46E-87B95D2CE35F}.Debug|Any CPU.Build.0 = Debug|Any CPU
		{33A16585-EC03-4C35-B46E-87B95D2CE35F}.Release|Any CPU.ActiveCfg = Release|Any CPU
		{33A16585-EC03-4C35-B46E-87B95D2CE35F}.Release|Any CPU.Build.0 = Release|Any CPU
	EndGlobalSection
	GlobalSection(SolutionProperties) = preSolution
		HideSolutionNode = FALSE
	EndGlobalSection
	GlobalSection(ExtensibilityGlobals) = postSolution
		SolutionGuid = {09DEE0F8-3B38-4EEF-BC95-72B41965C69F}
	EndGlobalSection
EndGlobal
